<?xml version="1.0" encoding="utf-8"?>
<Project ToolsVersion="4.0" xmlns="http://schemas.microsoft.com/developer/msbuild/2003">
  <ItemGroup>
    <ClCompile Include="dllmain.cpp" />
    <ClCompile Include="FBXExporter.cpp" />
    <ClCompile Include="HGR\HGR.cpp" />
  </ItemGroup>
  <ItemGroup>
    <ClInclude Include="ToolCommon.h" />
    <ClInclude Include="FBXExporter.h" />
    <ClInclude Include="HGR\HGR.h" />
    <ClInclude Include="Common\PrimitiveTypes.h" />
    <ClInclude Include="HGR\Entity.h" />
    <ClInclude Include="HGR\HGRCommon.h" />
    <ClInclude Include="Common\Math.h" />
    <ClInclude Include="Engine\Platform.h" />
    <ClInclude Include="HGR\Mesh.h" />
  </ItemGroup>
</Project>